{
  "nodes": {
    "official-templates": {
      "locked": {
        "lastModified": 1676551231,
        "narHash": "sha256-JS1o31ew90UiccpoQHxP84Wn0n7ClgyVpAsJV20Ep5E=",
        "owner": "NixOS",
        "repo": "templates",
        "rev": "3ac7e8ba52feb2b89e943a6ce0f7a30d6faf81c6",
        "type": "github"
      },
      "original": {
        "owner": "NixOS",
        "repo": "templates",
        "type": "github"
      }
    },
    "root": {
      "inputs": {
        "official-templates": "official-templates"
      }
    }
  },
  "root": "root",
  "version": 7
}
